{
    "name": "starter-micro-api",
    "version": "1.0.0",
    "lockfileVersion": 2,
    "requires": true,
    "packages": {
        "": {
            "name": "starter-micro-api",
            "version": "1.0.0",
            "license": "ISC",
            "dependencies": {
                "bybit-api": "^2.3.2",
                "node-schedule": "^2.0.0",
                "nodemailer": "^6.8.0",
                "technicalindicators": "^3.1.0"
            }
        },
        "node_modules/@types/node": {
            "version": "6.14.13",
            "resolved": "https://registry.npmjs.org/@types/node/-/node-6.14.13.tgz",
            "integrity": "sha512-J1F0XJ/9zxlZel5ZlbeSuHW2OpabrUAqpFuC2sm2I3by8sERQ8+KCjNKUcq8QHuzpGMWiJpo9ZxeHrqrP2KzQw=="
        },
        "node_modules/axios": {
            "version": "0.21.4",
            "resolved": "https://registry.npmjs.org/axios/-/axios-0.21.4.tgz",
            "integrity": "sha512-ut5vewkiu8jjGBdqpM44XxjuCjq9LAKeHVmoVfHVzy8eHgxxq8SbAVQNovDA8mVi05kP0Ea/n/UzcSHcTJQfNg==",
            "dependencies": {
                "follow-redirects": "^1.14.0"
            }
        },
        "node_modules/bybit-api": {
            "version": "2.3.2",
            "resolved": "https://registry.npmjs.org/bybit-api/-/bybit-api-2.3.2.tgz",
            "integrity": "sha512-H7tQ5WF2/kJ/KBvlVsLWj+exOTuJKPzkUnnkdfU1eCtMtE5ZEPe4XgcbTVXPgtn7sc7c+oWCX47xCzyAJGhd4w==",
            "dependencies": {
                "axios": "^0.21.0",
                "isomorphic-ws": "^4.0.1",
                "ws": "^7.4.0"
            },
            "funding": {
                "type": "individual",
                "url": "https://github.com/sponsors/tiagosiebler"
            }
        },
        "node_modules/cron-parser": {
            "version": "4.9.0",
            "resolved": "https://registry.npmjs.org/cron-parser/-/cron-parser-4.9.0.tgz",
            "integrity": "sha512-p0SaNjrHOnQeR8/VnfGbmg9te2kfyYSQ7Sc/j/6DtPL3JQvKxmjO9TSjNFpujqV3vEYYBvNNvXSxzyksBWAx1Q==",
            "dependencies": {
                "luxon": "^3.2.1"
            },
            "engines": {
                "node": ">=12.0.0"
            }
        },
        "node_modules/follow-redirects": {
            "version": "1.15.5",
            "resolved": "https://registry.npmjs.org/follow-redirects/-/follow-redirects-1.15.5.tgz",
            "integrity": "sha512-vSFWUON1B+yAw1VN4xMfxgn5fTUiaOzAJCKBwIIgT/+7CuGy9+r+5gITvP62j3RmaD5Ph65UaERdOSRGUzZtgw==",
            "funding": [
                {
                    "type": "individual",
                    "url": "https://github.com/sponsors/RubenVerborgh"
                }
            ],
            "engines": {
                "node": ">=4.0"
            },
            "peerDependenciesMeta": {
                "debug": {
                    "optional": true
                }
            }
        },
        "node_modules/isomorphic-ws": {
            "version": "4.0.1",
            "resolved": "https://registry.npmjs.org/isomorphic-ws/-/isomorphic-ws-4.0.1.tgz",
            "integrity": "sha512-BhBvN2MBpWTaSHdWRb/bwdZJ1WaehQ2L1KngkCkfLUGF0mAWAT1sQUQacEmQ0jXkFw/czDXPNQSL5u2/Krsz1w==",
            "peerDependencies": {
                "ws": "*"
            }
        },
        "node_modules/long-timeout": {
            "version": "0.1.1",
            "resolved": "https://registry.npmjs.org/long-timeout/-/long-timeout-0.1.1.tgz",
            "integrity": "sha512-BFRuQUqc7x2NWxfJBCyUrN8iYUYznzL9JROmRz1gZ6KlOIgmoD+njPVbb+VNn2nGMKggMsK79iUNErillsrx7w=="
        },
        "node_modules/luxon": {
            "version": "3.4.4",
            "resolved": "https://registry.npmjs.org/luxon/-/luxon-3.4.4.tgz",
            "integrity": "sha512-zobTr7akeGHnv7eBOXcRgMeCP6+uyYsczwmeRCauvpvaAltgNyTbLH/+VaEAPUeWBT+1GuNmz4wC/6jtQzbbVA==",
            "engines": {
                "node": ">=12"
            }
        },
        "node_modules/node-schedule": {
            "version": "2.1.1",
            "resolved": "https://registry.npmjs.org/node-schedule/-/node-schedule-2.1.1.tgz",
            "integrity": "sha512-OXdegQq03OmXEjt2hZP33W2YPs/E5BcFQks46+G2gAxs4gHOIVD1u7EqlYLYSKsaIpyKCK9Gbk0ta1/gjRSMRQ==",
            "dependencies": {
                "cron-parser": "^4.2.0",
                "long-timeout": "0.1.1",
                "sorted-array-functions": "^1.3.0"
            },
            "engines": {
                "node": ">=6"
            }
        },
        "node_modules/nodemailer": {
            "version": "6.9.8",
            "resolved": "https://registry.npmjs.org/nodemailer/-/nodemailer-6.9.8.tgz",
            "integrity": "sha512-cfrYUk16e67Ks051i4CntM9kshRYei1/o/Gi8K1d+R34OIs21xdFnW7Pt7EucmVKA0LKtqUGNcjMZ7ehjl49mQ==",
            "engines": {
                "node": ">=6.0.0"
            }
        },
        "node_modules/sorted-array-functions": {
            "version": "1.3.0",
            "resolved": "https://registry.npmjs.org/sorted-array-functions/-/sorted-array-functions-1.3.0.tgz",
            "integrity": "sha512-2sqgzeFlid6N4Z2fUQ1cvFmTOLRi/sEDzSQ0OKYchqgoPmQBVyM3959qYx3fpS6Esef80KjmpgPeEr028dP3OA=="
        },
        "node_modules/technicalindicators": {
            "version": "3.1.0",
            "resolved": "https://registry.npmjs.org/technicalindicators/-/technicalindicators-3.1.0.tgz",
            "integrity": "sha512-f16mOc+Y05hNy/of+UbGxhxQQmxUztCiluhsqC5QLUYz4WowUgKde9m6nIjK1Kay0wGHigT0IkOabpp0+22UfA==",
            "dependencies": {
                "@types/node": "^6.0.96"
            }
        },
        "node_modules/ws": {
            "version": "7.5.9",
            "resolved": "https://registry.npmjs.org/ws/-/ws-7.5.9.tgz",
            "integrity": "sha512-F+P9Jil7UiSKSkppIiD94dN07AwvFixvLIj1Og1Rl9GGMuNipJnV9JzjD6XuqmAeiswGvUmNLjr5cFuXwNS77Q==",
            "engines": {
                "node": ">=8.3.0"
            },
            "peerDependencies": {
                "bufferutil": "^4.0.1",
                "utf-8-validate": "^5.0.2"
            },
            "peerDependenciesMeta": {
                "bufferutil": {
                    "optional": true
                },
                "utf-8-validate": {
                    "optional": true
                }
            }
        }
    },
    "dependencies": {
        "@types/node": {
            "version": "6.14.13",
            "resolved": "https://registry.npmjs.org/@types/node/-/node-6.14.13.tgz",
            "integrity": "sha512-J1F0XJ/9zxlZel5ZlbeSuHW2OpabrUAqpFuC2sm2I3by8sERQ8+KCjNKUcq8QHuzpGMWiJpo9ZxeHrqrP2KzQw=="
        },
        "axios": {
            "version": "0.21.4",
            "resolved": "https://registry.npmjs.org/axios/-/axios-0.21.4.tgz",
            "integrity": "sha512-ut5vewkiu8jjGBdqpM44XxjuCjq9LAKeHVmoVfHVzy8eHgxxq8SbAVQNovDA8mVi05kP0Ea/n/UzcSHcTJQfNg==",
            "requires": {
                "follow-redirects": "^1.14.0"
            }
        },
        "bybit-api": {
            "version": "2.3.2",
            "resolved": "https://registry.npmjs.org/bybit-api/-/bybit-api-2.3.2.tgz",
            "integrity": "sha512-H7tQ5WF2/kJ/KBvlVsLWj+exOTuJKPzkUnnkdfU1eCtMtE5ZEPe4XgcbTVXPgtn7sc7c+oWCX47xCzyAJGhd4w==",
            "requires": {
                "axios": "^0.21.0",
                "isomorphic-ws": "^4.0.1",
                "ws": "^7.4.0"
            }
        },
        "cron-parser": {
            "version": "4.9.0",
            "resolved": "https://registry.npmjs.org/cron-parser/-/cron-parser-4.9.0.tgz",
            "integrity": "sha512-p0SaNjrHOnQeR8/VnfGbmg9te2kfyYSQ7Sc/j/6DtPL3JQvKxmjO9TSjNFpujqV3vEYYBvNNvXSxzyksBWAx1Q==",
            "requires": {
                "luxon": "^3.2.1"
            }
        },
        "follow-redirects": {
            "version": "1.15.5",
            "resolved": "https://registry.npmjs.org/follow-redirects/-/follow-redirects-1.15.5.tgz",
            "integrity": "sha512-vSFWUON1B+yAw1VN4xMfxgn5fTUiaOzAJCKBwIIgT/+7CuGy9+r+5gITvP62j3RmaD5Ph65UaERdOSRGUzZtgw=="
        },
        "isomorphic-ws": {
            "version": "4.0.1",
            "resolved": "https://registry.npmjs.org/isomorphic-ws/-/isomorphic-ws-4.0.1.tgz",
            "integrity": "sha512-BhBvN2MBpWTaSHdWRb/bwdZJ1WaehQ2L1KngkCkfLUGF0mAWAT1sQUQacEmQ0jXkFw/czDXPNQSL5u2/Krsz1w==",
            "requires": {}
        },
        "long-timeout": {
            "version": "0.1.1",
            "resolved": "https://registry.npmjs.org/long-timeout/-/long-timeout-0.1.1.tgz",
            "integrity": "sha512-BFRuQUqc7x2NWxfJBCyUrN8iYUYznzL9JROmRz1gZ6KlOIgmoD+njPVbb+VNn2nGMKggMsK79iUNErillsrx7w=="
        },
        "luxon": {
            "version": "3.4.4",
            "resolved": "https://registry.npmjs.org/luxon/-/luxon-3.4.4.tgz",
            "integrity": "sha512-zobTr7akeGHnv7eBOXcRgMeCP6+uyYsczwmeRCauvpvaAltgNyTbLH/+VaEAPUeWBT+1GuNmz4wC/6jtQzbbVA=="
        },
        "node-schedule": {
            "version": "2.1.1",
            "resolved": "https://registry.npmjs.org/node-schedule/-/node-schedule-2.1.1.tgz",
            "integrity": "sha512-OXdegQq03OmXEjt2hZP33W2YPs/E5BcFQks46+G2gAxs4gHOIVD1u7EqlYLYSKsaIpyKCK9Gbk0ta1/gjRSMRQ==",
            "requires": {
                "cron-parser": "^4.2.0",
                "long-timeout": "0.1.1",
                "sorted-array-functions": "^1.3.0"
            }
        },
        "nodemailer": {
            "version": "6.9.8",
            "resolved": "https://registry.npmjs.org/nodemailer/-/nodemailer-6.9.8.tgz",
            "integrity": "sha512-cfrYUk16e67Ks051i4CntM9kshRYei1/o/Gi8K1d+R34OIs21xdFnW7Pt7EucmVKA0LKtqUGNcjMZ7ehjl49mQ=="
        },
        "sorted-array-functions": {
            "version": "1.3.0",
            "resolved": "https://registry.npmjs.org/sorted-array-functions/-/sorted-array-functions-1.3.0.tgz",
            "integrity": "sha512-2sqgzeFlid6N4Z2fUQ1cvFmTOLRi/sEDzSQ0OKYchqgoPmQBVyM3959qYx3fpS6Esef80KjmpgPeEr028dP3OA=="
        },
        "technicalindicators": {
            "version": "3.1.0",
            "resolved": "https://registry.npmjs.org/technicalindicators/-/technicalindicators-3.1.0.tgz",
            "integrity": "sha512-f16mOc+Y05hNy/of+UbGxhxQQmxUztCiluhsqC5QLUYz4WowUgKde9m6nIjK1Kay0wGHigT0IkOabpp0+22UfA==",
            "requires": {
                "@types/node": "^6.0.96"
            }
        },
        "ws": {
            "version": "7.5.9",
            "resolved": "https://registry.npmjs.org/ws/-/ws-7.5.9.tgz",
            "integrity": "sha512-F+P9Jil7UiSKSkppIiD94dN07AwvFixvLIj1Og1Rl9GGMuNipJnV9JzjD6XuqmAeiswGvUmNLjr5cFuXwNS77Q==",
            "requires": {}
        }
    }
}
